# This file is autogenerated, do not edit; changes may be undone by the next 'dep ensure'.


[[projects]]
  branch = "master"
  name = "github.com/qianlnk/qrcode"
  packages = ["."]
  revision = "498594f3f2b498700ac6e935cd4c997c8dbcf92c"

[[projects]]
  branch = "master"
  name = "github.com/skip2/go-qrcode"
  packages = [".","bitset","reedsolomon"]
  revision = "695fc75a09738f9be56aaa3aecfd7dac28e66b63"

[solve-meta]
  analyzer-name = "dep"
  analyzer-version = 1
  inputs-digest = "e8fde821e95685cdf8f36bb55a9bf5f022cd4bc9239b167401797be41f45bdef"
  solver-name = "gps-cdcl"
  solver-version = 1
